PODS:
  - AFNetworking (3.2.1):
    - AFNetworking/NSURLSession (= 3.2.1)
    - AFNetworking/Reachability (= 3.2.1)
    - AFNetworking/Security (= 3.2.1)
    - AFNetworking/Serialization (= 3.2.1)
    - AFNetworking/UIKit (= 3.2.1)
  - AFNetworking/NSURLSession (3.2.1):
    - AFNetworking/Reachability
    - AFNetworking/Security
    - AFNetworking/Serialization
  - AFNetworking/Reachability (3.2.1)
  - AFNetworking/Security (3.2.1)
  - AFNetworking/Serialization (3.2.1)
  - AFNetworking/UIKit (3.2.1):
    - AFNetworking/NSURLSession
  - pop (1.0.10)
  - SCIndexView (2.1.1)

DEPENDENCIES:
  - AFNetworking
  - pop
  - SCIndexView

SPEC REPOS:
  https://github.com/CocoaPods/Specs.git:
    - AFNetworking
    - pop
    - SCIndexView

SPEC CHECKSUMS:
  AFNetworking: b6f891fdfaed196b46c7a83cf209e09697b94057
  pop: 82ca6b068ce9278fd350fd9dd09482a0ce9492e6
  SCIndexView: b68cded2054ddf3000cdaa56f17627dfb1041c78

PODFILE CHECKSUM: 4044c1a774ecee5ca1ca2bcb2eb6dd89ebfc24d8

COCOAPODS: 1.5.0
